
Microsoft Visual Studio Solution File, Format Version 12.00
# Visual Studio Version 17
VisualStudioVersion = 17.3.32922.545
MinimumVisualStudioVersion = 10.0.40219.1
Project("{8BC9CEB8-8B4A-11D0-8D11-00A0C91BC942}") = "Seminar6_HashTable", "Seminar6_HashTable\Seminar6_HashTable.vcxproj", "{F4FB09BA-BB17-4DB5-85AD-0C1A4E82694A}"
EndProject
Global
	GlobalSection(SolutionConfigurationPlatforms) = preSolution
		Debug|x64 = Debug|x64
		Debug|x86 = Debug|x86
		Release|x64 = Release|x64
		Release|x86 = Release|x86
	EndGlobalSection
	GlobalSection(ProjectConfigurationPlatforms) = postSolution
		{F4FB09BA-BB17-4DB5-85AD-0C1A4E82694A}.Debug|x64.ActiveCfg = Debug|x64
		{F4FB09BA-BB17-4DB5-85AD-0C1A4E82694A}.Debug|x64.Build.0 = Debug|x64
		{F4FB09BA-BB17-4DB5-85AD-0C1A4E82694A}.Debug|x86.ActiveCfg = Debug|Win32
		{F4FB09BA-BB17-4DB5-85AD-0C1A4E82694A}.Debug|x86.Build.0 = Debug|Win32
		{F4FB09BA-BB17-4DB5-85AD-0C1A4E82694A}.Release|x64.ActiveCfg = Release|x64
		{F4FB09BA-BB17-4DB5-85AD-0C1A4E82694A}.Release|x64.Build.0 = Release|x64
		{F4FB09BA-BB17-4DB5-85AD-0C1A4E82694A}.Release|x86.ActiveCfg = Release|Win32
		{F4FB09BA-BB17-4DB5-85AD-0C1A4E82694A}.Release|x86.Build.0 = Release|Win32
	EndGlobalSection
	GlobalSection(SolutionProperties) = preSolution
		HideSolutionNode = FALSE
	EndGlobalSection
	GlobalSection(ExtensibilityGlobals) = postSolution
		SolutionGuid = {92A96B23-4F3F-47C0-B74D-E35D2F98EC4C}
	EndGlobalSection
EndGlobal
